
Microsoft Visual Studio Solution File, Format Version 12.00
# Visual Studio Version 16
VisualStudioVersion = 16.0.29411.108
MinimumVisualStudioVersion = 10.0.40219.1
Project("{FAE04EC0-301F-11D3-BF4B-00C04F79EFBC}") = "ElizaIsSilly", "ElizaIsSilly.csproj", "{7B391C9D-2C37-46B8-B956-0083302A7D50}"
EndProject
Global
	GlobalSection(SolutionConfigurationPlatforms) = preSolution
		Debug|Any CPU = Debug|Any CPU
		Release|Any CPU = Release|Any CPU
	EndGlobalSection
	GlobalSection(ProjectConfigurationPlatforms) = postSolution
		{7B391C9D-2C37-46B8-B956-0083302A7D50}.Debug|Any CPU.ActiveCfg = Debug|Any CPU
		{7B391C9D-2C37-46B8-B956-0083302A7D50}.Debug|Any CPU.Build.0 = Debug|Any CPU
		{7B391C9D-2C37-46B8-B956-0083302A7D50}.Release|Any CPU.ActiveCfg = Release|Any CPU
		{7B391C9D-2C37-46B8-B956-0083302A7D50}.Release|Any CPU.Build.0 = Release|Any CPU
	EndGlobalSection
	GlobalSection(SolutionProperties) = preSolution
		HideSolutionNode = FALSE
	EndGlobalSection
	GlobalSection(ExtensibilityGlobals) = postSolution
		SolutionGuid = {4576CB4A-55FF-4D32-8B6F-148E22BFB8CB}
	EndGlobalSection
EndGlobal
