
Microsoft Visual Studio Solution File, Format Version 12.00
# Visual Studio Version 16
VisualStudioVersion = 16.0.29411.108
MinimumVisualStudioVersion = 10.0.40219.1
Project("{FAE04EC0-301F-11D3-BF4B-00C04F79EFBC}") = "SimpleMenu", "SimpleMenu.csproj", "{098E816D-E4B1-4EF5-A71F-7789B87E954B}"
EndProject
Global
	GlobalSection(SolutionConfigurationPlatforms) = preSolution
		Debug|Any CPU = Debug|Any CPU
		Release|Any CPU = Release|Any CPU
	EndGlobalSection
	GlobalSection(ProjectConfigurationPlatforms) = postSolution
		{098E816D-E4B1-4EF5-A71F-7789B87E954B}.Debug|Any CPU.ActiveCfg = Debug|Any CPU
		{098E816D-E4B1-4EF5-A71F-7789B87E954B}.Debug|Any CPU.Build.0 = Debug|Any CPU
		{098E816D-E4B1-4EF5-A71F-7789B87E954B}.Release|Any CPU.ActiveCfg = Release|Any CPU
		{098E816D-E4B1-4EF5-A71F-7789B87E954B}.Release|Any CPU.Build.0 = Release|Any CPU
	EndGlobalSection
	GlobalSection(SolutionProperties) = preSolution
		HideSolutionNode = FALSE
	EndGlobalSection
	GlobalSection(ExtensibilityGlobals) = postSolution
		SolutionGuid = {FF1A21EA-B833-4E90-A8A4-999B4671E62F}
	EndGlobalSection
EndGlobal
